PODS:
  - Alamofire (4.7.3)
  - ViewAnimator (2.2.0)

DEPENDENCIES:
  - Alamofire (~> 4.7)
  - ViewAnimator

SPEC REPOS:
  https://github.com/cocoapods/specs.git:
    - Alamofire
    - ViewAnimator

SPEC CHECKSUMS:
  Alamofire: c7287b6e5d7da964a70935e5db17046b7fde6568
  ViewAnimator: a849844cc3698620e1a562b510ed0c28aeafcdc5

PODFILE CHECKSUM: 9336c415f773b712bdc712481bd247c1c1d4e0d9

COCOAPODS: 1.5.3
